schema: '2.0'
stages:
  split:
    cmd: python src/split_batches.py
    deps:
    - path: data/raw/train.csv
      hash: md5
      md5: 6bdfcd95ad4b9ebf357a55e1107f2d92
      size: 78199
    - path: src/split_batches.py
      hash: md5
      md5: 7a86b8eb3516c1f4a7adda9a8f93fa71
      size: 1744
    params:
      params.yaml:
        split:
          n_batches: 5
          input_file: data/raw/train.csv
          output_dir: data/batches
    outs:
    - path: data/batches
      hash: md5
      md5: b7478872db3c1ff3658ac6d9454e7169.dir
      size: 77204
      nfiles: 5
  ingest:
    cmd: python src/ingest.py
    deps:
    - path: data/batches
      hash: md5
      md5: b7478872db3c1ff3658ac6d9454e7169.dir
      size: 77204
      nfiles: 5
    - path: src/ingest.py
      hash: md5
      md5: 881185e6392ab42b927f1bbff617fff2
      size: 4744
    params:
      params.yaml:
        ingest:
          batch_dir: data/batches
          output_file: data/bronze/bronze_data.csv
          max_batch: 1
          drop_fraction: 0.05
          missing_fraction: 0.03
          duplicate_fraction: 0.02
          random_seed: 42
    outs:
    - path: data/bronze/bronze_data.csv
      hash: md5
      md5: 65908f404add6510afa8e6c3c9aee35b
      size: 28871
  clean:
    cmd: python src/clean.py
    deps:
    - path: data/bronze/bronze_data.csv
      hash: md5
      md5: 65908f404add6510afa8e6c3c9aee35b
      size: 28871
    - path: src/clean.py
      hash: md5
      md5: 9cd0a80804cfdf5b1102711b033cca81
      size: 5364
    params:
      params.yaml:
        clean:
          input_file: data/bronze/bronze_data.csv
          output_file: data/silver/silver_data.csv
          meantemp_range:
          - -10
          - 50
          humidity_range:
          - 0
          - 100
          wind_speed_min: 0
          meanpressure_range:
          - 900
          - 1100
          rolling_windows:
          - 7
          - 30
          lag_days:
          - 1
          - 7
    outs:
    - path: data/silver/silver_data.csv
      hash: md5
      md5: 42918c6f2d5ffe8f2f3de4871f4f7caa
      size: 78867
  validate:
    cmd: python src/validate.py
    deps:
    - path: data/bronze/bronze_data.csv
      hash: md5
      md5: 65908f404add6510afa8e6c3c9aee35b
      size: 28871
    - path: data/silver/silver_data.csv
      hash: md5
      md5: 42918c6f2d5ffe8f2f3de4871f4f7caa
      size: 78867
    - path: src/validate.py
      hash: md5
      md5: b9af8cfb7c6350c993448c9e9d3983bb
      size: 4343
    params:
      params.yaml:
        clean:
          input_file: data/bronze/bronze_data.csv
          output_file: data/silver/silver_data.csv
          meantemp_range:
          - -10
          - 50
          humidity_range:
          - 0
          - 100
          wind_speed_min: 0
          meanpressure_range:
          - 900
          - 1100
          rolling_windows:
          - 7
          - 30
          lag_days:
          - 1
          - 7
        validate:
          silver_file: data/silver/silver_data.csv
          bronze_file: data/bronze/bronze_data.csv
  prepare_gold:
    cmd: python src/prepare_gold.py
    deps:
    - path: data/silver/silver_data.csv
      hash: md5
      md5: 42918c6f2d5ffe8f2f3de4871f4f7caa
      size: 78867
    - path: src/prepare_gold.py
      hash: md5
      md5: 93d7ccd4f3d39a4f07fab6598a66f6d5
      size: 3079
    params:
      params.yaml:
        gold:
          input_file: data/silver/silver_data.csv
          output_file: data/gold/gold_data.csv
          target: meantemp
          forecast_horizon: 1
          correlation_threshold: 0.1
    outs:
    - path: data/gold/gold_data.csv
      hash: md5
      md5: 76bf88d74658b2f3c391f150952ae2c9
      size: 71008
